
Microsoft Visual Studio Solution File, Format Version 12.00
# Visual Studio 15
VisualStudioVersion = 15.0.28010.2026
MinimumVisualStudioVersion = 10.0.40219.1
Project("{8BC9CEB8-8B4A-11D0-8D11-00A0C91BC942}") = "lab11", "lab11.vcxproj", "{AE27114C-2CED-4A37-8811-DF79EC2BCB1F}"
EndProject
Global
	GlobalSection(SolutionConfigurationPlatforms) = preSolution
		Debug|x64 = Debug|x64
		Debug|x86 = Debug|x86
		Release|x64 = Release|x64
		Release|x86 = Release|x86
	EndGlobalSection
	GlobalSection(ProjectConfigurationPlatforms) = postSolution
		{AE27114C-2CED-4A37-8811-DF79EC2BCB1F}.Debug|x64.ActiveCfg = Debug|x64
		{AE27114C-2CED-4A37-8811-DF79EC2BCB1F}.Debug|x64.Build.0 = Debug|x64
		{AE27114C-2CED-4A37-8811-DF79EC2BCB1F}.Debug|x86.ActiveCfg = Debug|Win32
		{AE27114C-2CED-4A37-8811-DF79EC2BCB1F}.Debug|x86.Build.0 = Debug|Win32
		{AE27114C-2CED-4A37-8811-DF79EC2BCB1F}.Release|x64.ActiveCfg = Release|x64
		{AE27114C-2CED-4A37-8811-DF79EC2BCB1F}.Release|x64.Build.0 = Release|x64
		{AE27114C-2CED-4A37-8811-DF79EC2BCB1F}.Release|x86.ActiveCfg = Release|Win32
		{AE27114C-2CED-4A37-8811-DF79EC2BCB1F}.Release|x86.Build.0 = Release|Win32
	EndGlobalSection
	GlobalSection(SolutionProperties) = preSolution
		HideSolutionNode = FALSE
	EndGlobalSection
	GlobalSection(ExtensibilityGlobals) = postSolution
		SolutionGuid = {C13C8550-C74D-4272-B21B-922617648629}
	EndGlobalSection
EndGlobal
